
Microsoft Visual Studio Solution File, Format Version 12.00
# Visual Studio 14
VisualStudioVersion = 14.0.25420.1
MinimumVisualStudioVersion = 10.0.40219.1
Project("{8BC9CEB8-8B4A-11D0-8D11-00A0C91BC942}") = "snappylib", "snappylib.vcxproj", "{63CD4114-9D89-423F-8C1D-F617D390A514}"
EndProject
Project("{8BC9CEB8-8B4A-11D0-8D11-00A0C91BC942}") = "snappydll", "snappydll.vcxproj", "{22728633-0F7E-4484-B19B-311D72172749}"
	ProjectSection(ProjectDependencies) = postProject
		{63CD4114-9D89-423F-8C1D-F617D390A514} = {63CD4114-9D89-423F-8C1D-F617D390A514}
	EndProjectSection
EndProject
Project("{8BC9CEB8-8B4A-11D0-8D11-00A0C91BC942}") = "snappytest", "snappytest.vcxproj", "{081ADD21-AE37-4146-B47C-4E21EEADEEE6}"
	ProjectSection(ProjectDependencies) = postProject
		{63CD4114-9D89-423F-8C1D-F617D390A514} = {63CD4114-9D89-423F-8C1D-F617D390A514}
	EndProjectSection
EndProject
Global
	GlobalSection(SolutionConfigurationPlatforms) = preSolution
		Debug|x64 = Debug|x64
		Debug|x86 = Debug|x86
		Release|x64 = Release|x64
		Release|x86 = Release|x86
	EndGlobalSection
	GlobalSection(ProjectConfigurationPlatforms) = postSolution
		{63CD4114-9D89-423F-8C1D-F617D390A514}.Debug|x64.ActiveCfg = Debug|x64
		{63CD4114-9D89-423F-8C1D-F617D390A514}.Debug|x64.Build.0 = Debug|x64
		{63CD4114-9D89-423F-8C1D-F617D390A514}.Debug|x86.ActiveCfg = Debug|Win32
		{63CD4114-9D89-423F-8C1D-F617D390A514}.Debug|x86.Build.0 = Debug|Win32
		{63CD4114-9D89-423F-8C1D-F617D390A514}.Release|x64.ActiveCfg = Release|x64
		{63CD4114-9D89-423F-8C1D-F617D390A514}.Release|x64.Build.0 = Release|x64
		{63CD4114-9D89-423F-8C1D-F617D390A514}.Release|x86.ActiveCfg = Release|Win32
		{63CD4114-9D89-423F-8C1D-F617D390A514}.Release|x86.Build.0 = Release|Win32
		{22728633-0F7E-4484-B19B-311D72172749}.Debug|x64.ActiveCfg = Debug|x64
		{22728633-0F7E-4484-B19B-311D72172749}.Debug|x64.Build.0 = Debug|x64
		{22728633-0F7E-4484-B19B-311D72172749}.Debug|x86.ActiveCfg = Debug|Win32
		{22728633-0F7E-4484-B19B-311D72172749}.Debug|x86.Build.0 = Debug|Win32
		{22728633-0F7E-4484-B19B-311D72172749}.Release|x64.ActiveCfg = Release|x64
		{22728633-0F7E-4484-B19B-311D72172749}.Release|x64.Build.0 = Release|x64
		{22728633-0F7E-4484-B19B-311D72172749}.Release|x86.ActiveCfg = Release|Win32
		{22728633-0F7E-4484-B19B-311D72172749}.Release|x86.Build.0 = Release|Win32
		{081ADD21-AE37-4146-B47C-4E21EEADEEE6}.Debug|x64.ActiveCfg = Debug|x64
		{081ADD21-AE37-4146-B47C-4E21EEADEEE6}.Debug|x64.Build.0 = Debug|x64
		{081ADD21-AE37-4146-B47C-4E21EEADEEE6}.Debug|x86.ActiveCfg = Debug|Win32
		{081ADD21-AE37-4146-B47C-4E21EEADEEE6}.Debug|x86.Build.0 = Debug|Win32
		{081ADD21-AE37-4146-B47C-4E21EEADEEE6}.Release|x64.ActiveCfg = Release|x64
		{081ADD21-AE37-4146-B47C-4E21EEADEEE6}.Release|x64.Build.0 = Release|x64
		{081ADD21-AE37-4146-B47C-4E21EEADEEE6}.Release|x86.ActiveCfg = Release|Win32
		{081ADD21-AE37-4146-B47C-4E21EEADEEE6}.Release|x86.Build.0 = Release|Win32
	EndGlobalSection
	GlobalSection(SolutionProperties) = preSolution
		HideSolutionNode = FALSE
	EndGlobalSection
EndGlobal
